
Microsoft Visual Studio Solution File, Format Version 12.00
# Visual Studio Version 17
VisualStudioVersion = 17.5.002.0
MinimumVisualStudioVersion = 10.0.40219.1
Project("{9A19103F-16F7-4668-BE54-9A1E7A4F7556}") = "DropStockAPI", "DropStockAPI.csproj", "{724630A1-D837-4D79-990C-CF072846E3E7}"
EndProject
Global
	GlobalSection(SolutionConfigurationPlatforms) = preSolution
		Debug|Any CPU = Debug|Any CPU
		Release|Any CPU = Release|Any CPU
	EndGlobalSection
	GlobalSection(ProjectConfigurationPlatforms) = postSolution
		{724630A1-D837-4D79-990C-CF072846E3E7}.Debug|Any CPU.ActiveCfg = Debug|Any CPU
		{724630A1-D837-4D79-990C-CF072846E3E7}.Debug|Any CPU.Build.0 = Debug|Any CPU
		{724630A1-D837-4D79-990C-CF072846E3E7}.Release|Any CPU.ActiveCfg = Release|Any CPU
		{724630A1-D837-4D79-990C-CF072846E3E7}.Release|Any CPU.Build.0 = Release|Any CPU
	EndGlobalSection
	GlobalSection(SolutionProperties) = preSolution
		HideSolutionNode = FALSE
	EndGlobalSection
	GlobalSection(ExtensibilityGlobals) = postSolution
		SolutionGuid = {C3CDAF98-F730-444F-A5EE-59E52BD22A43}
	EndGlobalSection
EndGlobal
